
Microsoft Visual Studio Solution File, Format Version 12.00
# Visual Studio Version 17
VisualStudioVersion = 17.9.34902.65
MinimumVisualStudioVersion = 10.0.40219.1
Project("{FAE04EC0-301F-11D3-BF4B-00C04F79EFBC}") = "BTrees.Test", "BTrees.Test\BTrees.Test.csproj", "{B96068BB-39E8-484B-8D5C-E3F6253AF9EF}"
EndProject
Project("{FAE04EC0-301F-11D3-BF4B-00C04F79EFBC}") = "BTrees.Lib", "BTrees.Lib\BTrees.Lib.csproj", "{FB2CDF7E-4C10-4089-BF59-C1073BEAE748}"
EndProject
Global
	GlobalSection(SolutionConfigurationPlatforms) = preSolution
		Debug|Any CPU = Debug|Any CPU
		Release|Any CPU = Release|Any CPU
	EndGlobalSection
	GlobalSection(ProjectConfigurationPlatforms) = postSolution
		{B96068BB-39E8-484B-8D5C-E3F6253AF9EF}.Debug|Any CPU.ActiveCfg = Debug|Any CPU
		{B96068BB-39E8-484B-8D5C-E3F6253AF9EF}.Debug|Any CPU.Build.0 = Debug|Any CPU
		{B96068BB-39E8-484B-8D5C-E3F6253AF9EF}.Release|Any CPU.ActiveCfg = Release|Any CPU
		{B96068BB-39E8-484B-8D5C-E3F6253AF9EF}.Release|Any CPU.Build.0 = Release|Any CPU
		{FB2CDF7E-4C10-4089-BF59-C1073BEAE748}.Debug|Any CPU.ActiveCfg = Debug|Any CPU
		{FB2CDF7E-4C10-4089-BF59-C1073BEAE748}.Debug|Any CPU.Build.0 = Debug|Any CPU
		{FB2CDF7E-4C10-4089-BF59-C1073BEAE748}.Release|Any CPU.ActiveCfg = Release|Any CPU
		{FB2CDF7E-4C10-4089-BF59-C1073BEAE748}.Release|Any CPU.Build.0 = Release|Any CPU
	EndGlobalSection
	GlobalSection(SolutionProperties) = preSolution
		HideSolutionNode = FALSE
	EndGlobalSection
	GlobalSection(ExtensibilityGlobals) = postSolution
		SolutionGuid = {8D7B532C-EB57-4F3A-814F-077CC88A6524}
	EndGlobalSection
EndGlobal
